---
lockfileVersion: '9.0'

importers:

  .:
    configDependencies: {}
    packageManagerDependencies:
      pnpm:
        specifier: 12.9.1
        version: 12.9.1

packages:

  '@pnpm/exe.android-arm64@12.9.1':
    resolution: {integrity: sha512-Hgm1XdqMTfBC8PdGLL+NjZWv4xyi7D6XNrN9fb24XGYlyTBmUtdCefKnCLmHujShRD8BEO1zqM30SNcKBDLysw==}
    cpu: [arm64]
    os: [android]

  '@pnpm/exe.android-x64@12.9.1':
    resolution: {integrity: sha512-WDGCe6jZRVZP3RC/q6hOkZylkPkIQIi1/GcrR/d/YzbihhAHXCczrk+UYnV5TgbsEnAYO7Cx+2rX3nfhHvy24w==}
    cpu: [x64]
    os: [android]

  '@pnpm/exe.darwin-arm64@12.9.1':
    resolution: {integrity: sha512-+7iiEEBgYN9szPWUnAuN6eOVMTI6Hrki5bcuC9n9xl9tTnT53Tpxpo45Hml+W4IrAU0d+Tmd0sPnVIbX59PD6w==}
    cpu: [arm64]
    os: [darwin]

  '@pnpm/exe.darwin-x64@12.9.1':
    resolution: {integrity: sha512-SK7TxJiR12GbJZGffRFHItkc+Mx+99v6xMMJ9/X//8NwWV1wo17a2bwfGI8qZpl17YwsrmPEFOOqhzE1GIlrtQ==}
    cpu: [x64]
    os: [darwin]

  '@pnpm/exe.freebsd-x64@12.9.1':
    resolution: {integrity: sha512-4AjLk6uvTs2iO6wMit2hcxJ2M32xb7OV5SNFk+w6G8/NzcjcMB7ENEpyeXyLiP0kcnp8uaCGUct2NfrLCJ35eQ==}
    cpu: [x64]
    os: [freebsd]

  '@pnpm/exe.linux-arm64-musl@12.9.1':
    resolution: {integrity: sha512-dZL2ES1ckDWM9v+EtxoOklZ0WNdtayooi9iLiDUubopudX3zXPNR2mlrxBRgjbDgECOndQen2SmyxL5eZiBuKw==}
    cpu: [arm64]
    os: [linux]
    libc: [musl]

  '@pnpm/exe.linux-arm64@12.9.1':
    resolution: {integrity: sha512-cx+uF6xqwEtm7B8NV+1ve0xBg9gcuzQZ5R+0WgOWvKG/h978UljS6BgWs1ipIGuGgUdeVhm3PKmBltXIcczLXA==}
    cpu: [arm64]
    os: [linux]
    libc: [glibc]

  '@pnpm/exe.linux-ppc64@12.9.1':
    resolution: {integrity: sha512-MpjPsy4XR17zAtLziQZfsN+wveWa/bUJggZtwfo3+SuyRmXnSvVkFD4+v8/3RTWyYaM6mwLUTjZDJ+g3urL+ew==}
    cpu: [ppc64]
    os: [linux]
    libc: [glibc]

  '@pnpm/exe.linux-riscv64@12.9.1':
    resolution: {integrity: sha512-Oo67TKqqH+Bno+L6X7Xyorwp1QG82zKIkL0vbo1x2kcPTDiyPbdM+d6lIs4+hzeB1KHT5FDoGzZj2dad7Ft+eg==}
    cpu: [riscv64]
    os: [linux]
    libc: [glibc]

  '@pnpm/exe.linux-s390x@12.9.1':
    resolution: {integrity: sha512-QAD5FRCdW36HfD58BV7DoDm6z8yv+GgSqcUV1+ERwYjpVQuG6ZTpf5o0x3KDas8eTLIW7MLYVdDdlAurWeArEg==}
    cpu: [s390x]
    os: [linux]
    libc: [glibc]

  '@pnpm/exe.linux-x64-musl@12.9.1':
    resolution: {integrity: sha512-mQDhBsGqcTkrLQM4q5igmRFcr6EAl4UM/FGawY+0CWGcqPpUmYUvDy9LHy80xxkHIWVJ886gvvso2XOjfav1Jw==}
    cpu: [x64]
    os: [linux]
    libc: [musl]

  '@pnpm/exe.linux-x64@12.9.1':
    resolution: {integrity: sha512-+M5N74hM4fc87AAckxx/UIW+dUnWf2eko+HchJs/NZUxehLhekNyMI/GNaNXlvd+kWR+97XXBD51XRkkNiUtrA==}
    cpu: [x64]
    os: [linux]
    libc: [glibc]

  '@pnpm/exe.win32-arm64@12.9.1':
    resolution: {integrity: sha512-mI28C2wxobrDi6x1OYhBRyG10hnDq/4sEIyy5RzoX6LB4kLuv6K/d25HOpMwlW20cuM4M72k9NZpOdcmUxMbEA==}
    cpu: [arm64]
    os: [win32]

  '@pnpm/exe.win32-x64@12.9.1':
    resolution: {integrity: sha512-SWoDMT0oD7NrDSIoPpkKD09D9fAQKNjwFZ3lezlCUhAfXxMv70zsfrNT2/P+GoCK2kefXF9OysUZkH1l5vvvfA==}
    cpu: [x64]
    os: [win32]

  pnpm@12.9.1:
    resolution: {integrity: sha512-BrBV//XNINwSeB3hc87TMQzglRvy7GICEaFgRdVETVyTpmMhB2TvKaZTphBFm6A2jw50+E2AxUcjz5Wq57wNbQ==}
    engines: {node: '>=18.*'}
    hasBin: true

snapshots:

  '@pnpm/exe.android-arm64@12.9.1':
    optional: true

  '@pnpm/exe.android-x64@12.9.1':
    optional: true

  '@pnpm/exe.darwin-arm64@12.9.1':
    optional: true

  '@pnpm/exe.darwin-x64@12.9.1':
    optional: true

  '@pnpm/exe.freebsd-x64@12.9.1':
    optional: true

  '@pnpm/exe.linux-arm64-musl@12.9.1':
    optional: true

  '@pnpm/exe.linux-arm64@12.9.1':
    optional: true

  '@pnpm/exe.linux-ppc64@12.9.1':
    optional: true

  '@pnpm/exe.linux-riscv64@12.9.1':
    optional: true

  '@pnpm/exe.linux-s390x@12.9.1':
    optional: true

  '@pnpm/exe.linux-x64-musl@12.9.1':
    optional: true

  '@pnpm/exe.linux-x64@12.9.1':
    optional: true

  '@pnpm/exe.win32-arm64@12.9.1':
    optional: true

  '@pnpm/exe.win32-x64@12.9.1':
    optional: true

  pnpm@12.9.1:
    optionalDependencies:
      '@pnpm/exe.android-arm64': 12.9.1
      '@pnpm/exe.android-x64': 12.9.1
      '@pnpm/exe.darwin-arm64': 12.9.1
      '@pnpm/exe.darwin-x64': 12.9.1
      '@pnpm/exe.freebsd-x64': 12.9.1
      '@pnpm/exe.linux-arm64': 12.9.1
      '@pnpm/exe.linux-arm64-musl': 12.9.1
      '@pnpm/exe.linux-ppc64': 12.9.1
      '@pnpm/exe.linux-riscv64': 12.9.1
      '@pnpm/exe.linux-s390x': 12.9.1
      '@pnpm/exe.linux-x64': 12.9.1
      '@pnpm/exe.linux-x64-musl': 12.9.1
      '@pnpm/exe.win32-arm64': 12.9.1
      '@pnpm/exe.win32-x64': 12.9.1

---
lockfileVersion: '9.0'

settings:
  autoInstallPeers: true
  excludeLinksFromLockfile: false

importers:

  .:
    dependencies:
      execa:
        specifier: 10.0.1
        version: 10.0.1

packages:

  '@sec-ant/readable-stream@0.4.1':
    resolution: {integrity: sha512-831qok9r2t8AlxLko40y2ebgSDhenenCatLVeW/uBtnHPyhHOvG0C7TvfgecV+wHzIm5KUICgzmVpWS+IMEAeg==}

  '@sindresorhus/merge-streams@4.0.0':
    resolution: {integrity: sha512-tlqY9xq5ukxTUZBmoOp+m61cqwQD5pHJtFY3Mn8CA8ps6yghLH/Hw8UPdqg4OLmFW3IFlcXnQNmo/dh8HzXYIQ==}
    engines: {node: '>=18'}

  execa@10.0.1:
    resolution: {integrity: sha512-ge98qjkRK4IB7tL7Ju/6qmm5LHoH1eEMt5FNZrz3f4UIYhF28lggX20z3FaX1sgc67msLEn0N0BscOs29iuwyw==}
    engines: {node: '>=22'}

  figures@6.1.0:
    resolution: {integrity: sha512-d+l3qxjSesT4V7v2fh+QnmFnUWv9lSpjarhShNTgBOfA0ttejbQUAlHLitbjkoRiDulW0OPoQPYIGhIC8ohejg==}
    engines: {node: '>=18'}

  get-stream@9.0.1:
    resolution: {integrity: sha512-kVCxPF3vQM/N0B1PmoqVUqgHP+EeVjmZSQn+1oCRPxd2P21P2F19lIgbR3HBosbB1PUhOAoctJnfEn2GbN2eZA==}
    engines: {node: '>=18'}

  human-signals@8.0.1:
    resolution: {integrity: sha512-eKCa6bwnJhvxj14kZk5NCPc6Hb6BdsU9DZcOnmQKSnO1VKrfV0zCvtttPZUsBvjmNDn8rpcJfpwSYnHBjc95MQ==}
    engines: {node: '>=18.18.0'}

  is-plain-obj@4.1.0:
    resolution: {integrity: sha512-+Pgi+vMuUNkJyExiMBt5IlFoMyKnr5zhJ4Uspz58WOhBF5QoIZkFyNHIbBAtHwzVAgk5RtndVNsDRN61/mmDqg==}
    engines: {node: '>=12'}

  is-stream@4.0.1:
    resolution: {integrity: sha512-Dnz92NInDqYckGEUJv689RbRiTSEHCQ7wOVeALbkOz999YpqT46yMRIGtSNl2iCL1waAZSx40+h59NV/EwzV/A==}
    engines: {node: '>=18'}

  is-unicode-supported@2.0.0:
    resolution: {integrity: sha512-FRdAyx5lusK1iHG0TWpVtk9+1i+GjrzRffhDg4ovQ7mcidMQ6mj+MhKPmvh7Xwyv5gIS06ns49CA7Sqg7lC22Q==}
    engines: {node: '>=18'}

  npm-run-path@6.0.0:
    resolution: {integrity: sha512-9qny7Z9DsQU8Ou39ERsPU4OZQlSTP47ShQzuKZ6PRXpYLtIFgl/DEBYEXKlvcEa+9tHVcK8CF81Y2V72qaZhWA==}
    engines: {node: '>=18'}

  parse-ms@4.0.0:
    resolution: {integrity: sha512-TXfryirbmq34y8QBwgqCVLi+8oA3oWx2eAnSn62ITyEhEYaWRlVZ2DvMM9eZbMs/RfxPu/PK/aBLyGj4IrqMHw==}
    engines: {node: '>=18'}

  path-key@4.0.0:
    resolution: {integrity: sha512-haREypq7xkM7ErfgIyA0z+Bj4AGKlMSdlQE2jvJo6huWD1EdkKYV+G/T4nq0YEF2vgTT8kqMFKo1uHn950r4SQ==}
    engines: {node: '>=12'}

  pretty-ms@9.3.0:
    resolution: {integrity: sha512-gjVS5hOP+M3wMm5nmNOucbIrqudzs9v/57bWRHQWLYklXqoXKrVfYW2W9+glfGsqtPgpiz5WwyEEB+ksXIx3gQ==}
    engines: {node: '>=18'}

  signal-exit@4.1.0:
    resolution: {integrity: sha512-bzyZ1e88w9O1iNJbKnOlvYTrWPDl46O1bG0D3XInv+9tkPrxrN8jUUTiFlDkkmKWgn1M6CfIA13SuGqOa9Korw==}
    engines: {node: '>=14'}

  strip-final-newline@4.0.0:
    resolution: {integrity: sha512-aulFJcD6YK8V1G7iRB5tigAP4TsHBZZrOV8pjV++zdUwmeV8uzbY7yn6h9MswN62adStNZFuCIx4haBnRuMDaw==}
    engines: {node: '>=18'}

  unicorn-magic@0.3.0:
    resolution: {integrity: sha512-+QBBXBCvifc56fsbuxZQ6Sic3wqqc3WWaqxs58gvJrcOuN83HGTCwz3oS5phzU9LthRNE9VrJCFCLUgHeeFnfA==}
    engines: {node: '>=18'}

  which-command@0.1.0:
    resolution: {integrity: sha512-XZyoF5/5hZtXitIwzrU4NKK+Wtbb9aB9CezUEw2Q0wlYK8NUYQxC1rRXgNueYLtBAJwXIb+/tFVk4dozciNJMA==}
    engines: {node: '>=22'}
    hasBin: true

  yoctocolors@2.2.0:
    resolution: {integrity: sha512-xYqdZFUK/VYazNl/oCDYN+3WloWQwMfZxBoiNt6qNyk+xfOdi598muWE42rNZFp1kNOiqW936q5RhUdnpqElSg==}
    engines: {node: '>=18'}

snapshots:

  '@sec-ant/readable-stream@0.4.1': {}

  '@sindresorhus/merge-streams@4.0.0': {}

  execa@10.0.1:
    dependencies:
      '@sindresorhus/merge-streams': 4.0.0
      figures: 6.1.0
      get-stream: 9.0.1
      human-signals: 8.0.1
      is-plain-obj: 4.1.0
      is-stream: 4.0.1
      npm-run-path: 6.0.0
      pretty-ms: 9.3.0
      signal-exit: 4.1.0
      strip-final-newline: 4.0.0
      which-command: 0.1.0
      yoctocolors: 2.2.0

  figures@6.1.0:
    dependencies:
      is-unicode-supported: 2.0.0

  get-stream@9.0.1:
    dependencies:
      '@sec-ant/readable-stream': 0.4.1
      is-stream: 4.0.1

  human-signals@8.0.1: {}

  is-plain-obj@4.1.0: {}

  is-stream@4.0.1: {}

  is-unicode-supported@2.0.0: {}

  npm-run-path@6.0.0:
    dependencies:
      path-key: 4.0.0
      unicorn-magic: 0.3.0

  parse-ms@4.0.0: {}

  path-key@4.0.0: {}

  pretty-ms@9.3.0:
    dependencies:
      parse-ms: 4.0.0

  signal-exit@4.1.0: {}

  strip-final-newline@4.0.0: {}

  unicorn-magic@0.3.0: {}

  which-command@0.1.0: {}

  yoctocolors@2.2.0: {}
